
Microsoft Visual Studio Solution File, Format Version 12.00
# Visual Studio Version 16
VisualStudioVersion = 16.0.29201.188
MinimumVisualStudioVersion = 10.0.40219.1
Project("{FAE04EC0-301F-11D3-BF4B-00C04F79EFBC}") = "HelloWorldWeb", "HelloWorldWeb\HelloWorldWeb.csproj", "{FEEB864D-535F-4734-B4F4-DF057F11FD96}"
EndProject
Global
	GlobalSection(SolutionConfigurationPlatforms) = preSolution
		Debug|Any CPU = Debug|Any CPU
		Release|Any CPU = Release|Any CPU
	EndGlobalSection
	GlobalSection(ProjectConfigurationPlatforms) = postSolution
		{FEEB864D-535F-4734-B4F4-DF057F11FD96}.Debug|Any CPU.ActiveCfg = Debug|Any CPU
		{FEEB864D-535F-4734-B4F4-DF057F11FD96}.Debug|Any CPU.Build.0 = Debug|Any CPU
		{FEEB864D-535F-4734-B4F4-DF057F11FD96}.Release|Any CPU.ActiveCfg = Release|Any CPU
		{FEEB864D-535F-4734-B4F4-DF057F11FD96}.Release|Any CPU.Build.0 = Release|Any CPU
	EndGlobalSection
	GlobalSection(SolutionProperties) = preSolution
		HideSolutionNode = FALSE
	EndGlobalSection
	GlobalSection(ExtensibilityGlobals) = postSolution
		SolutionGuid = {EEA178C9-57FA-4445-98C0-B1A05A634CA7}
	EndGlobalSection
EndGlobal
